// !$*UTF8*$!
{
	archiveVersion = 1;
	classes = {
	};
	objectVersion = 52;
	objects = {

/* Begin PBXBuildFile section */
		16B3B2C526C276F50060917B /* Alamofire in Frameworks */ = {isa = PBXBuildFile; productRef = 16B3B2C426C276F50060917B /* Alamofire */; };
		16BDF95826C055AC0050D68A /* PhotogrammetryScreen.swift in Sources */ = {isa = PBXBuildFile; fileRef = 16BDF95726C055AC0050D68A /* PhotogrammetryScreen.swift */; };
		16BDF95D26C068A40050D68A /* WrapperPhotoViewController.swift in Sources */ = {isa = PBXBuildFile; fileRef = 16BDF95C26C068A40050D68A /* WrapperPhotoViewController.swift */; };
		16BDF96F26C06B570050D68A /* CameraView.swift in Sources */ = {isa = PBXBuildFile; fileRef = 16BDF95E26C06B570050D68A /* CameraView.swift */; };
		16BDF97026C06B570050D68A /* InfoPanelView.swift in Sources */ = {isa = PBXBuildFile; fileRef = 16BDF95F26C06B570050D68A /* InfoPanelView.swift */; };
		16BDF97126C06B570050D68A /* CameraViewModel.swift in Sources */ = {isa = PBXBuildFile; fileRef = 16BDF96026C06B570050D68A /* CameraViewModel.swift */; };
		16BDF97226C06B570050D68A /* HelpPageView.swift in Sources */ = {isa = PBXBuildFile; fileRef = 16BDF96126C06B570050D68A /* HelpPageView.swift */; };
		16BDF97326C06B570050D68A /* AsyncImageHelpers.swift in Sources */ = {isa = PBXBuildFile; fileRef = 16BDF96226C06B570050D68A /* AsyncImageHelpers.swift */; };
		16BDF97526C06B570050D68A /* Capture.swift in Sources */ = {isa = PBXBuildFile; fileRef = 16BDF96426C06B570050D68A /* Capture.swift */; };
		16BDF97626C06B570050D68A /* CaptureGalleryView.swift in Sources */ = {isa = PBXBuildFile; fileRef = 16BDF96526C06B570050D68A /* CaptureGalleryView.swift */; };
		16BDF97726C06B570050D68A /* PhotoCaptureDelegate.swift in Sources */ = {isa = PBXBuildFile; fileRef = 16BDF96626C06B570050D68A /* PhotoCaptureDelegate.swift */; };
		16BDF97826C06B570050D68A /* CaptureInfo.swift in Sources */ = {isa = PBXBuildFile; fileRef = 16BDF96726C06B570050D68A /* CaptureInfo.swift */; };
		16BDF97926C06B570050D68A /* TimerView.swift in Sources */ = {isa = PBXBuildFile; fileRef = 16BDF96826C06B570050D68A /* TimerView.swift */; };
		16BDF97A26C06B570050D68A /* CameraPreviewView.swift in Sources */ = {isa = PBXBuildFile; fileRef = 16BDF96926C06B570050D68A /* CameraPreviewView.swift */; };
		16BDF97B26C06B570050D68A /* ImageLoader.swift in Sources */ = {isa = PBXBuildFile; fileRef = 16BDF96A26C06B570050D68A /* ImageLoader.swift */; };
		16BDF97C26C06B570050D68A /* TriggerEveryTimer.swift in Sources */ = {isa = PBXBuildFile; fileRef = 16BDF96B26C06B570050D68A /* TriggerEveryTimer.swift */; };
		16BDF97D26C06B570050D68A /* CaptureFolderState.swift in Sources */ = {isa = PBXBuildFile; fileRef = 16BDF96C26C06B570050D68A /* CaptureFolderState.swift */; };
		16BDF97E26C06B570050D68A /* CaptureFoldersView.swift in Sources */ = {isa = PBXBuildFile; fileRef = 16BDF96D26C06B570050D68A /* CaptureFoldersView.swift */; };
		16BDF97F26C06B570050D68A /* ContentView.swift in Sources */ = {isa = PBXBuildFile; fileRef = 16BDF96E26C06B570050D68A /* ContentView.swift */; };
		16DBBBA426BDE70200976221 /* EntryViewController.swift in Sources */ = {isa = PBXBuildFile; fileRef = 16DBBBA326BDE70200976221 /* EntryViewController.swift */; };
		717F7FEF23F054DC00208378 /* README.md in Resources */ = {isa = PBXBuildFile; fileRef = 717F7FEE23F054DC00208378 /* README.md */; };
		E136398023EB064300668585 /* RoundedButton.swift in Sources */ = {isa = PBXBuildFile; fileRef = E136397F23EB064300668585 /* RoundedButton.swift */; };
		E1635E1623D5BDFD0031A7D8 /* AppDelegate.swift in Sources */ = {isa = PBXBuildFile; fileRef = E1635E1523D5BDFD0031A7D8 /* AppDelegate.swift */; };
		E1635E1823D5BDFD0031A7D8 /* LidarViewController.swift in Sources */ = {isa = PBXBuildFile; fileRef = E1635E1723D5BDFD0031A7D8 /* LidarViewController.swift */; };
		E1635E1D23D5BDFD0031A7D8 /* Main.storyboard in Resources */ = {isa = PBXBuildFile; fileRef = E1635E1B23D5BDFD0031A7D8 /* Main.storyboard */; };
		E1635E1F23D5BDFE0031A7D8 /* Assets.xcassets in Resources */ = {isa = PBXBuildFile; fileRef = E1635E1E23D5BDFE0031A7D8 /* Assets.xcassets */; };
		E1635E2223D5BDFE0031A7D8 /* LaunchScreen.storyboard in Resources */ = {isa = PBXBuildFile; fileRef = E1635E2023D5BDFE0031A7D8 /* LaunchScreen.storyboard */; };
		E1635E2E23D736E70031A7D8 /* Extensions.swift in Sources */ = {isa = PBXBuildFile; fileRef = E1635E2D23D736E70031A7D8 /* Extensions.swift */; };
/* End PBXBuildFile section */

/* Begin PBXFileReference section */
		10FF0C174D8C7FDF936C5365 /* Pods_3D_Copy_Paste.framework */ = {isa = PBXFileReference; explicitFileType = wrapper.framework; includeInIndex = 0; path = Pods_3D_Copy_Paste.framework; sourceTree = BUILT_PRODUCTS_DIR; };
		16BDF95726C055AC0050D68A /* PhotogrammetryScreen.swift */ = {isa = PBXFileReference; lastKnownFileType = sourcecode.swift; path = PhotogrammetryScreen.swift; sourceTree = "<group>"; };
		16BDF95C26C068A40050D68A /* WrapperPhotoViewController.swift */ = {isa = PBXFileReference; lastKnownFileType = sourcecode.swift; path = WrapperPhotoViewController.swift; sourceTree = "<group>"; };
		16BDF95E26C06B570050D68A /* CameraView.swift */ = {isa = PBXFileReference; fileEncoding = 4; lastKnownFileType = sourcecode.swift; path = CameraView.swift; sourceTree = "<group>"; };
		16BDF95F26C06B570050D68A /* InfoPanelView.swift */ = {isa = PBXFileReference; fileEncoding = 4; lastKnownFileType = sourcecode.swift; path = InfoPanelView.swift; sourceTree = "<group>"; };
		16BDF96026C06B570050D68A /* CameraViewModel.swift */ = {isa = PBXFileReference; fileEncoding = 4; lastKnownFileType = sourcecode.swift; path = CameraViewModel.swift; sourceTree = "<group>"; };
		16BDF96126C06B570050D68A /* HelpPageView.swift */ = {isa = PBXFileReference; fileEncoding = 4; lastKnownFileType = sourcecode.swift; path = HelpPageView.swift; sourceTree = "<group>"; };
		16BDF96226C06B570050D68A /* AsyncImageHelpers.swift */ = {isa = PBXFileReference; fileEncoding = 4; lastKnownFileType = sourcecode.swift; path = AsyncImageHelpers.swift; sourceTree = "<group>"; };
		16BDF96426C06B570050D68A /* Capture.swift */ = {isa = PBXFileReference; fileEncoding = 4; lastKnownFileType = sourcecode.swift; path = Capture.swift; sourceTree = "<group>"; };
		16BDF96526C06B570050D68A /* CaptureGalleryView.swift */ = {isa = PBXFileReference; fileEncoding = 4; lastKnownFileType = sourcecode.swift; path = CaptureGalleryView.swift; sourceTree = "<group>"; };
		16BDF96626C06B570050D68A /* PhotoCaptureDelegate.swift */ = {isa = PBXFileReference; fileEncoding = 4; lastKnownFileType = sourcecode.swift; path = PhotoCaptureDelegate.swift; sourceTree = "<group>"; };
		16BDF96726C06B570050D68A /* CaptureInfo.swift */ = {isa = PBXFileReference; fileEncoding = 4; lastKnownFileType = sourcecode.swift; path = CaptureInfo.swift; sourceTree = "<group>"; };
		16BDF96826C06B570050D68A /* TimerView.swift */ = {isa = PBXFileReference; fileEncoding = 4; lastKnownFileType = sourcecode.swift; path = TimerView.swift; sourceTree = "<group>"; };
		16BDF96926C06B570050D68A /* CameraPreviewView.swift */ = {isa = PBXFileReference; fileEncoding = 4; lastKnownFileType = sourcecode.swift; path = CameraPreviewView.swift; sourceTree = "<group>"; };
		16BDF96A26C06B570050D68A /* ImageLoader.swift */ = {isa = PBXFileReference; fileEncoding = 4; lastKnownFileType = sourcecode.swift; path = ImageLoader.swift; sourceTree = "<group>"; };
		16BDF96B26C06B570050D68A /* TriggerEveryTimer.swift */ = {isa = PBXFileReference; fileEncoding = 4; lastKnownFileType = sourcecode.swift; path = TriggerEveryTimer.swift; sourceTree = "<group>"; };
		16BDF96C26C06B570050D68A /* CaptureFolderState.swift */ = {isa = PBXFileReference; fileEncoding = 4; lastKnownFileType = sourcecode.swift; path = CaptureFolderState.swift; sourceTree = "<group>"; };
		16BDF96D26C06B570050D68A /* CaptureFoldersView.swift */ = {isa = PBXFileReference; fileEncoding = 4; lastKnownFileType = sourcecode.swift; path = CaptureFoldersView.swift; sourceTree = "<group>"; };
		16BDF96E26C06B570050D68A /* ContentView.swift */ = {isa = PBXFileReference; fileEncoding = 4; lastKnownFileType = sourcecode.swift; path = ContentView.swift; sourceTree = "<group>"; };
		16DBBBA326BDE70200976221 /* EntryViewController.swift */ = {isa = PBXFileReference; lastKnownFileType = sourcecode.swift; path = EntryViewController.swift; sourceTree = "<group>"; };
		28811F3E4EB27EC6196B6F5B /* LICENSE.txt */ = {isa = PBXFileReference; includeInIndex = 1; lastKnownFileType = text; path = LICENSE.txt; sourceTree = "<group>"; };
		717F7FEE23F054DC00208378 /* README.md */ = {isa = PBXFileReference; fileEncoding = 4; lastKnownFileType = net.daringfireball.markdown; path = README.md; sourceTree = "<group>"; };
		AD2D44B524378AF40052D2C4 /* Foundation.framework */ = {isa = PBXFileReference; lastKnownFileType = wrapper.framework; name = Foundation.framework; path = System/Library/Frameworks/Foundation.framework; sourceTree = SDKROOT; };
		DF2C79817A071BB772B7F197 /* Pods-3D Copy&Paste.debug.xcconfig */ = {isa = PBXFileReference; includeInIndex = 1; lastKnownFileType = text.xcconfig; name = "Pods-3D Copy&Paste.debug.xcconfig"; path = "Target Support Files/Pods-3D Copy&Paste/Pods-3D Copy&Paste.debug.xcconfig"; sourceTree = "<group>"; };
		E136397F23EB064300668585 /* RoundedButton.swift */ = {isa = PBXFileReference; fileEncoding = 4; lastKnownFileType = sourcecode.swift; path = RoundedButton.swift; sourceTree = "<group>"; };
		E1635E1223D5BDFD0031A7D8 /* 3D Copy&Paste.app */ = {isa = PBXFileReference; explicitFileType = wrapper.application; includeInIndex = 0; path = "3D Copy&Paste.app"; sourceTree = BUILT_PRODUCTS_DIR; };
		E1635E1523D5BDFD0031A7D8 /* AppDelegate.swift */ = {isa = PBXFileReference; lastKnownFileType = sourcecode.swift; path = AppDelegate.swift; sourceTree = "<group>"; };
		E1635E1723D5BDFD0031A7D8 /* LidarViewController.swift */ = {isa = PBXFileReference; lastKnownFileType = sourcecode.swift; path = LidarViewController.swift; sourceTree = "<group>"; };
		E1635E1C23D5BDFD0031A7D8 /* Base */ = {isa = PBXFileReference; lastKnownFileType = file.storyboard; name = Base; path = Base.lproj/Main.storyboard; sourceTree = "<group>"; };
		E1635E1E23D5BDFE0031A7D8 /* Assets.xcassets */ = {isa = PBXFileReference; lastKnownFileType = folder.assetcatalog; path = Assets.xcassets; sourceTree = "<group>"; };
		E1635E2123D5BDFE0031A7D8 /* Base */ = {isa = PBXFileReference; lastKnownFileType = file.storyboard; name = Base; path = Base.lproj/LaunchScreen.storyboard; sourceTree = "<group>"; };
		E1635E2323D5BDFE0031A7D8 /* Info.plist */ = {isa = PBXFileReference; lastKnownFileType = text.plist.xml; path = Info.plist; sourceTree = "<group>"; };
		E1635E2D23D736E70031A7D8 /* Extensions.swift */ = {isa = PBXFileReference; lastKnownFileType = sourcecode.swift; path = Extensions.swift; sourceTree = "<group>"; };
		E7B1C87B08A11A5F5C26A03D /* Pods-3D Copy&Paste.release.xcconfig */ = {isa = PBXFileReference; includeInIndex = 1; lastKnownFileType = text.xcconfig; name = "Pods-3D Copy&Paste.release.xcconfig"; path = "Target Support Files/Pods-3D Copy&Paste/Pods-3D Copy&Paste.release.xcconfig"; sourceTree = "<group>"; };
		EAFE649F2E6D58090EBA9357 /* SampleCode.xcconfig */ = {isa = PBXFileReference; lastKnownFileType = text.xcconfig; name = SampleCode.xcconfig; path = Configuration/SampleCode.xcconfig; sourceTree = "<group>"; };
/* End PBXFileReference section */

/* Begin PBXFrameworksBuildPhase section */
		E1635E0F23D5BDFD0031A7D8 /* Frameworks */ = {
			isa = PBXFrameworksBuildPhase;
			buildActionMask = 2147483647;
			files = (
				16B3B2C526C276F50060917B /* Alamofire in Frameworks */,
			);
			runOnlyForDeploymentPostprocessing = 0;
		};
/* End PBXFrameworksBuildPhase section */

/* Begin PBXGroup section */
		108BE83088A2EF0C2296E2EC /* LICENSE */ = {
			isa = PBXGroup;
			children = (
				28811F3E4EB27EC6196B6F5B /* LICENSE.txt */,
			);
			path = LICENSE;
			sourceTree = "<group>";
		};
		16BDF95926C056BE0050D68A /* Photogrammetry */ = {
			isa = PBXGroup;
			children = (
				16BDF96226C06B570050D68A /* AsyncImageHelpers.swift */,
				16BDF96926C06B570050D68A /* CameraPreviewView.swift */,
				16BDF95E26C06B570050D68A /* CameraView.swift */,
				16BDF96026C06B570050D68A /* CameraViewModel.swift */,
				16BDF96426C06B570050D68A /* Capture.swift */,
				16BDF96C26C06B570050D68A /* CaptureFolderState.swift */,
				16BDF96D26C06B570050D68A /* CaptureFoldersView.swift */,
				16BDF96526C06B570050D68A /* CaptureGalleryView.swift */,
				16BDF96726C06B570050D68A /* CaptureInfo.swift */,
				16BDF96E26C06B570050D68A /* ContentView.swift */,
				16BDF96126C06B570050D68A /* HelpPageView.swift */,
				16BDF96A26C06B570050D68A /* ImageLoader.swift */,
				16BDF95F26C06B570050D68A /* InfoPanelView.swift */,
				16BDF96626C06B570050D68A /* PhotoCaptureDelegate.swift */,
				16BDF96826C06B570050D68A /* TimerView.swift */,
				16BDF96B26C06B570050D68A /* TriggerEveryTimer.swift */,
				16BDF95726C055AC0050D68A /* PhotogrammetryScreen.swift */,
			);
			path = Photogrammetry;
			sourceTree = "<group>";
		};
		9FA5DFEB4318974D615509AC /* Pods */ = {
			isa = PBXGroup;
			children = (
				DF2C79817A071BB772B7F197 /* Pods-3D Copy&Paste.debug.xcconfig */,
				E7B1C87B08A11A5F5C26A03D /* Pods-3D Copy&Paste.release.xcconfig */,
			);
			path = Pods;
			sourceTree = "<group>";
		};
		AD2D44B424378AF40052D2C4 /* Frameworks */ = {
			isa = PBXGroup;
			children = (
				AD2D44B524378AF40052D2C4 /* Foundation.framework */,
				10FF0C174D8C7FDF936C5365 /* Pods_3D_Copy_Paste.framework */,
			);
			name = Frameworks;
			sourceTree = "<group>";
		};
		E1635E0923D5BDFD0031A7D8 = {
			isa = PBXGroup;
			children = (
				717F7FEE23F054DC00208378 /* README.md */,
				E1635E1423D5BDFD0031A7D8 /* 3d Copy&Paste */,
				E1635E1323D5BDFD0031A7D8 /* Products */,
				EA0E67A9F6B3B2B8047DADCB /* Configuration */,
				108BE83088A2EF0C2296E2EC /* LICENSE */,
				AD2D44B424378AF40052D2C4 /* Frameworks */,
				9FA5DFEB4318974D615509AC /* Pods */,
			);
			sourceTree = "<group>";
		};
		E1635E1323D5BDFD0031A7D8 /* Products */ = {
			isa = PBXGroup;
			children = (
				E1635E1223D5BDFD0031A7D8 /* 3D Copy&Paste.app */,
			);
			name = Products;
			sourceTree = "<group>";
		};
		E1635E1423D5BDFD0031A7D8 /* 3d Copy&Paste */ = {
			isa = PBXGroup;
			children = (
				16BDF95C26C068A40050D68A /* WrapperPhotoViewController.swift */,
				E1635E1523D5BDFD0031A7D8 /* AppDelegate.swift */,
				E1635E1723D5BDFD0031A7D8 /* LidarViewController.swift */,
				E1635E2D23D736E70031A7D8 /* Extensions.swift */,
				E136397F23EB064300668585 /* RoundedButton.swift */,
				E1635E1B23D5BDFD0031A7D8 /* Main.storyboard */,
				16DBBBA326BDE70200976221 /* EntryViewController.swift */,
				E1635E1E23D5BDFE0031A7D8 /* Assets.xcassets */,
				E1635E2023D5BDFE0031A7D8 /* LaunchScreen.storyboard */,
				E1635E2323D5BDFE0031A7D8 /* Info.plist */,
				16BDF95926C056BE0050D68A /* Photogrammetry */,
			);
			path = "3d Copy&Paste";
			sourceTree = "<group>";
		};
		EA0E67A9F6B3B2B8047DADCB /* Configuration */ = {
			isa = PBXGroup;
			children = (
				EAFE649F2E6D58090EBA9357 /* SampleCode.xcconfig */,
			);
			name = Configuration;
			sourceTree = "<group>";
		};
/* End PBXGroup section */

/* Begin PBXNativeTarget section */
		E1635E1123D5BDFD0031A7D8 /* 3D Copy&Paste */ = {
			isa = PBXNativeTarget;
			buildConfigurationList = E1635E2623D5BDFE0031A7D8 /* Build configuration list for PBXNativeTarget "3D Copy&Paste" */;
			buildPhases = (
				E1635E0E23D5BDFD0031A7D8 /* Sources */,
				E1635E0F23D5BDFD0031A7D8 /* Frameworks */,
				E1635E1023D5BDFD0031A7D8 /* Resources */,
			);
			buildRules = (
			);
			dependencies = (
			);
			name = "3D Copy&Paste";
			packageProductDependencies = (
				16B3B2C426C276F50060917B /* Alamofire */,
			);
			productName = MeshingSample;
			productReference = E1635E1223D5BDFD0031A7D8 /* 3D Copy&Paste.app */;
			productType = "com.apple.product-type.application";
		};
/* End PBXNativeTarget section */

/* Begin PBXProject section */
		E1635E0A23D5BDFD0031A7D8 /* Project object */ = {
			isa = PBXProject;
			attributes = {
				LastSwiftUpdateCheck = 1120;
				LastUpgradeCheck = 1250;
				ORGANIZATIONNAME = Apple;
				TargetAttributes = {
					E1635E1123D5BDFD0031A7D8 = {
						CreatedOnToolsVersion = 11.2.1;
					};
				};
			};
			buildConfigurationList = E1635E0D23D5BDFD0031A7D8 /* Build configuration list for PBXProject "3D Copy&Paste" */;
			compatibilityVersion = "Xcode 9.3";
			developmentRegion = en;
			hasScannedForEncodings = 0;
			knownRegions = (
				en,
				Base,
			);
			mainGroup = E1635E0923D5BDFD0031A7D8;
			packageReferences = (
				16B3B2C326C276F50060917B /* XCRemoteSwiftPackageReference "Alamofire" */,
			);
			productRefGroup = E1635E1323D5BDFD0031A7D8 /* Products */;
			projectDirPath = "";
			projectRoot = "";
			targets = (
				E1635E1123D5BDFD0031A7D8 /* 3D Copy&Paste */,
			);
		};
/* End PBXProject section */

/* Begin PBXResourcesBuildPhase section */
		E1635E1023D5BDFD0031A7D8 /* Resources */ = {
			isa = PBXResourcesBuildPhase;
			buildActionMask = 2147483647;
			files = (
				E1635E2223D5BDFE0031A7D8 /* LaunchScreen.storyboard in Resources */,
				E1635E1F23D5BDFE0031A7D8 /* Assets.xcassets in Resources */,
				717F7FEF23F054DC00208378 /* README.md in Resources */,
				E1635E1D23D5BDFD0031A7D8 /* Main.storyboard in Resources */,
			);
			runOnlyForDeploymentPostprocessing = 0;
		};
/* End PBXResourcesBuildPhase section */

/* Begin PBXSourcesBuildPhase section */
		E1635E0E23D5BDFD0031A7D8 /* Sources */ = {
			isa = PBXSourcesBuildPhase;
			buildActionMask = 2147483647;
			files = (
				E1635E1823D5BDFD0031A7D8 /* LidarViewController.swift in Sources */,
				16BDF97F26C06B570050D68A /* ContentView.swift in Sources */,
				16BDF95826C055AC0050D68A /* PhotogrammetryScreen.swift in Sources */,
				16BDF97D26C06B570050D68A /* CaptureFolderState.swift in Sources */,
				16BDF97626C06B570050D68A /* CaptureGalleryView.swift in Sources */,
				16BDF97226C06B570050D68A /* HelpPageView.swift in Sources */,
				16BDF97526C06B570050D68A /* Capture.swift in Sources */,
				16BDF95D26C068A40050D68A /* WrapperPhotoViewController.swift in Sources */,
				16BDF97826C06B570050D68A /* CaptureInfo.swift in Sources */,
				16BDF97726C06B570050D68A /* PhotoCaptureDelegate.swift in Sources */,
				16BDF97E26C06B570050D68A /* CaptureFoldersView.swift in Sources */,
				16BDF97C26C06B570050D68A /* TriggerEveryTimer.swift in Sources */,
				16BDF96F26C06B570050D68A /* CameraView.swift in Sources */,
				E136398023EB064300668585 /* RoundedButton.swift in Sources */,
				16BDF97926C06B570050D68A /* TimerView.swift in Sources */,
				E1635E1623D5BDFD0031A7D8 /* AppDelegate.swift in Sources */,
				16BDF97A26C06B570050D68A /* CameraPreviewView.swift in Sources */,
				16BDF97326C06B570050D68A /* AsyncImageHelpers.swift in Sources */,
				16BDF97B26C06B570050D68A /* ImageLoader.swift in Sources */,
				16DBBBA426BDE70200976221 /* EntryViewController.swift in Sources */,
				16BDF97126C06B570050D68A /* CameraViewModel.swift in Sources */,
				E1635E2E23D736E70031A7D8 /* Extensions.swift in Sources */,
				16BDF97026C06B570050D68A /* InfoPanelView.swift in Sources */,
			);
			runOnlyForDeploymentPostprocessing = 0;
		};
/* End PBXSourcesBuildPhase section */

/* Begin PBXVariantGroup section */
		E1635E1B23D5BDFD0031A7D8 /* Main.storyboard */ = {
			isa = PBXVariantGroup;
			children = (
				E1635E1C23D5BDFD0031A7D8 /* Base */,
			);
			name = Main.storyboard;
			sourceTree = "<group>";
		};
		E1635E2023D5BDFE0031A7D8 /* LaunchScreen.storyboard */ = {
			isa = PBXVariantGroup;
			children = (
				E1635E2123D5BDFE0031A7D8 /* Base */,
			);
			name = LaunchScreen.storyboard;
			sourceTree = "<group>";
		};
/* End PBXVariantGroup section */

/* Begin XCBuildConfiguration section */
		E1635E2423D5BDFE0031A7D8 /* Debug */ = {
			isa = XCBuildConfiguration;
			buildSettings = {
				ALWAYS_SEARCH_USER_PATHS = NO;
				CLANG_ANALYZER_NONNULL = YES;
				CLANG_ANALYZER_NUMBER_OBJECT_CONVERSION = YES_AGGRESSIVE;
				CLANG_CXX_LANGUAGE_STANDARD = "gnu++14";
				CLANG_CXX_LIBRARY = "libc++";
				CLANG_ENABLE_MODULES = YES;
				CLANG_ENABLE_OBJC_ARC = YES;
				CLANG_ENABLE_OBJC_WEAK = YES;
				CLANG_WARN_BLOCK_CAPTURE_AUTORELEASING = YES;
				CLANG_WARN_BOOL_CONVERSION = YES;
				CLANG_WARN_COMMA = YES;
				CLANG_WARN_CONSTANT_CONVERSION = YES;
				CLANG_WARN_DEPRECATED_OBJC_IMPLEMENTATIONS = YES;
				CLANG_WARN_DIRECT_OBJC_ISA_USAGE = YES_ERROR;
				CLANG_WARN_DOCUMENTATION_COMMENTS = YES;
				CLANG_WARN_EMPTY_BODY = YES;
				CLANG_WARN_ENUM_CONVERSION = YES;
				CLANG_WARN_INFINITE_RECURSION = YES;
				CLANG_WARN_INT_CONVERSION = YES;
				CLANG_WARN_NON_LITERAL_NULL_CONVERSION = YES;
				CLANG_WARN_OBJC_IMPLICIT_RETAIN_SELF = YES;
				CLANG_WARN_OBJC_LITERAL_CONVERSION = YES;
				CLANG_WARN_OBJC_ROOT_CLASS = YES_ERROR;
				CLANG_WARN_QUOTED_INCLUDE_IN_FRAMEWORK_HEADER = YES;
				CLANG_WARN_RANGE_LOOP_ANALYSIS = YES;
				CLANG_WARN_STRICT_PROTOTYPES = YES;
				CLANG_WARN_SUSPICIOUS_MOVE = YES;
				CLANG_WARN_UNGUARDED_AVAILABILITY = YES_AGGRESSIVE;
				CLANG_WARN_UNREACHABLE_CODE = YES;
				CLANG_WARN__DUPLICATE_METHOD_MATCH = YES;
				COPY_PHASE_STRIP = NO;
				DEBUG_INFORMATION_FORMAT = dwarf;
				ENABLE_STRICT_OBJC_MSGSEND = YES;
				ENABLE_TESTABILITY = YES;
				GCC_C_LANGUAGE_STANDARD = gnu11;
				GCC_DYNAMIC_NO_PIC = NO;
				GCC_NO_COMMON_BLOCKS = YES;
				GCC_OPTIMIZATION_LEVEL = 0;
				GCC_PREPROCESSOR_DEFINITIONS = (
					"DEBUG=1",
					"$(inherited)",
				);
				GCC_WARN_64_TO_32_BIT_CONVERSION = YES;
				GCC_WARN_ABOUT_RETURN_TYPE = YES_ERROR;
				GCC_WARN_UNDECLARED_SELECTOR = YES;
				GCC_WARN_UNINITIALIZED_AUTOS = YES_AGGRESSIVE;
				GCC_WARN_UNUSED_FUNCTION = YES;
				GCC_WARN_UNUSED_VARIABLE = YES;
				IPHONEOS_DEPLOYMENT_TARGET = 14.1;
				MTL_ENABLE_DEBUG_INFO = INCLUDE_SOURCE;
				MTL_FAST_MATH = YES;
				ONLY_ACTIVE_ARCH = YES;
				SDKROOT = iphoneos;
				SWIFT_ACTIVE_COMPILATION_CONDITIONS = DEBUG;
				SWIFT_OPTIMIZATION_LEVEL = "-Onone";
			};
			name = Debug;
		};
		E1635E2523D5BDFE0031A7D8 /* Release */ = {
			isa = XCBuildConfiguration;
			baseConfigurationReference = EAFE649F2E6D58090EBA9357 /* SampleCode.xcconfig */;
			buildSettings = {
				ALWAYS_SEARCH_USER_PATHS = NO;
				CLANG_ANALYZER_NONNULL = YES;
				CLANG_ANALYZER_NUMBER_OBJECT_CONVERSION = YES_AGGRESSIVE;
				CLANG_CXX_LANGUAGE_STANDARD = "gnu++14";
				CLANG_CXX_LIBRARY = "libc++";
				CLANG_ENABLE_MODULES = YES;
				CLANG_ENABLE_OBJC_ARC = YES;
				CLANG_ENABLE_OBJC_WEAK = YES;
				CLANG_WARN_BLOCK_CAPTURE_AUTORELEASING = YES;
				CLANG_WARN_BOOL_CONVERSION = YES;
				CLANG_WARN_COMMA = YES;
				CLANG_WARN_CONSTANT_CONVERSION = YES;
				CLANG_WARN_DEPRECATED_OBJC_IMPLEMENTATIONS = YES;
				CLANG_WARN_DIRECT_OBJC_ISA_USAGE = YES_ERROR;
				CLANG_WARN_DOCUMENTATION_COMMENTS = YES;
				CLANG_WARN_EMPTY_BODY = YES;
				CLANG_WARN_ENUM_CONVERSION = YES;
				CLANG_WARN_INFINITE_RECURSION = YES;
				CLANG_WARN_INT_CONVERSION = YES;
				CLANG_WARN_NON_LITERAL_NULL_CONVERSION = YES;
				CLANG_WARN_OBJC_IMPLICIT_RETAIN_SELF = YES;
				CLANG_WARN_OBJC_LITERAL_CONVERSION = YES;
				CLANG_WARN_OBJC_ROOT_CLASS = YES_ERROR;
				CLANG_WARN_QUOTED_INCLUDE_IN_FRAMEWORK_HEADER = YES;
				CLANG_WARN_RANGE_LOOP_ANALYSIS = YES;
				CLANG_WARN_STRICT_PROTOTYPES = YES;
				CLANG_WARN_SUSPICIOUS_MOVE = YES;
				CLANG_WARN_UNGUARDED_AVAILABILITY = YES_AGGRESSIVE;
				CLANG_WARN_UNREACHABLE_CODE = YES;
				CLANG_WARN__DUPLICATE_METHOD_MATCH = YES;
				COPY_PHASE_STRIP = NO;
				DEBUG_INFORMATION_FORMAT = "dwarf-with-dsym";
				ENABLE_NS_ASSERTIONS = NO;
				ENABLE_STRICT_OBJC_MSGSEND = YES;
				GCC_C_LANGUAGE_STANDARD = gnu11;
				GCC_NO_COMMON_BLOCKS = YES;
				GCC_WARN_64_TO_32_BIT_CONVERSION = YES;
				GCC_WARN_ABOUT_RETURN_TYPE = YES_ERROR;
				GCC_WARN_UNDECLARED_SELECTOR = YES;
				GCC_WARN_UNINITIALIZED_AUTOS = YES_AGGRESSIVE;
				GCC_WARN_UNUSED_FUNCTION = YES;
				GCC_WARN_UNUSED_VARIABLE = YES;
				IPHONEOS_DEPLOYMENT_TARGET = 14.1;
				MTL_ENABLE_DEBUG_INFO = NO;
				MTL_FAST_MATH = YES;
				SDKROOT = iphoneos;
				SWIFT_COMPILATION_MODE = wholemodule;
				SWIFT_OPTIMIZATION_LEVEL = "-O";
				VALIDATE_PRODUCT = YES;
			};
			name = Release;
		};
		E1635E2723D5BDFE0031A7D8 /* Debug */ = {
			isa = XCBuildConfiguration;
			buildSettings = {
				ASSETCATALOG_COMPILER_APPICON_NAME = AppIcon;
				CODE_SIGN_IDENTITY = "iPhone Developer";
				CODE_SIGN_STYLE = Automatic;
				DEVELOPMENT_TEAM = ZMZHK75K6Z;
				INFOPLIST_FILE = "$(SRCROOT)/3d Copy&Paste/Info.plist";
				IPHONEOS_DEPLOYMENT_TARGET = 14.1;
				LD_RUNPATH_SEARCH_PATHS = (
					"$(inherited)",
					"@executable_path/Frameworks",
				);
				PRODUCT_BUNDLE_IDENTIFIER = com.serrapps;
				PRODUCT_NAME = "3D Copy&Paste";
				PROVISIONING_PROFILE_SPECIFIER = "";
				SDKROOT = iphoneos;
				SWIFT_VERSION = 5.0;
				TARGETED_DEVICE_FAMILY = "1,2";
			};
			name = Debug;
		};
		E1635E2823D5BDFE0031A7D8 /* Release */ = {
			isa = XCBuildConfiguration;
			baseConfigurationReference = EAFE649F2E6D58090EBA9357 /* SampleCode.xcconfig */;
			buildSettings = {
				ASSETCATALOG_COMPILER_APPICON_NAME = AppIcon;
				CODE_SIGN_IDENTITY = "iPhone Developer";
				CODE_SIGN_STYLE = Automatic;
				DEVELOPMENT_TEAM = ZMZHK75K6Z;
				INFOPLIST_FILE = "$(SRCROOT)/3d Copy&Paste/Info.plist";
				IPHONEOS_DEPLOYMENT_TARGET = 14.1;
				LD_RUNPATH_SEARCH_PATHS = (
					"$(inherited)",
					"@executable_path/Frameworks",
				);
				PRODUCT_BUNDLE_IDENTIFIER = com.serrapps;
				PRODUCT_NAME = "3D Copy&Paste";
				PROVISIONING_PROFILE_SPECIFIER = "";
				SDKROOT = iphoneos;
				SWIFT_VERSION = 5.0;
				TARGETED_DEVICE_FAMILY = "1,2";
			};
			name = Release;
		};
/* End XCBuildConfiguration section */

/* Begin XCConfigurationList section */
		E1635E0D23D5BDFD0031A7D8 /* Build configuration list for PBXProject "3D Copy&Paste" */ = {
			isa = XCConfigurationList;
			buildConfigurations = (
				E1635E2423D5BDFE0031A7D8 /* Debug */,
				E1635E2523D5BDFE0031A7D8 /* Release */,
			);
			defaultConfigurationIsVisible = 0;
			defaultConfigurationName = Release;
		};
		E1635E2623D5BDFE0031A7D8 /* Build configuration list for PBXNativeTarget "3D Copy&Paste" */ = {
			isa = XCConfigurationList;
			buildConfigurations = (
				E1635E2723D5BDFE0031A7D8 /* Debug */,
				E1635E2823D5BDFE0031A7D8 /* Release */,
			);
			defaultConfigurationIsVisible = 0;
			defaultConfigurationName = Release;
		};
/* End XCConfigurationList section */

/* Begin XCRemoteSwiftPackageReference section */
		16B3B2C326C276F50060917B /* XCRemoteSwiftPackageReference "Alamofire" */ = {
			isa = XCRemoteSwiftPackageReference;
			repositoryURL = "https://github.com/Alamofire/Alamofire.git";
			requirement = {
				kind = upToNextMajorVersion;
				minimumVersion = 5.4.3;
			};
		};
/* End XCRemoteSwiftPackageReference section */

/* Begin XCSwiftPackageProductDependency section */
		16B3B2C426C276F50060917B /* Alamofire */ = {
			isa = XCSwiftPackageProductDependency;
			package = 16B3B2C326C276F50060917B /* XCRemoteSwiftPackageReference "Alamofire" */;
			productName = Alamofire;
		};
/* End XCSwiftPackageProductDependency section */
	};
	rootObject = E1635E0A23D5BDFD0031A7D8 /* Project object */;
}
